
Microsoft Visual Studio Solution File, Format Version 12.00
# Visual Studio 2012
Project("{FAE04EC0-301F-11D3-BF4B-00C04F79EFBC}") = "Async.Movil", "Async.Movil\Async.Movil.csproj", "{A075B875-3941-4C3C-A9A6-A730AB07B81A}"
EndProject
Project("{FAE04EC0-301F-11D3-BF4B-00C04F79EFBC}") = "Async.Movil.iOS", "iOS\Async.Movil.iOS.csproj", "{83D0124B-3D03-49A0-8A00-7DD96B1EE949}"
EndProject
Project("{FAE04EC0-301F-11D3-BF4B-00C04F79EFBC}") = "Async.Movil.Droid", "Droid\Async.Movil.Droid.csproj", "{1AB308B7-03F7-4256-8E9C-AA425971C55F}"
EndProject
Global
	GlobalSection(SolutionConfigurationPlatforms) = preSolution
		Debug|Any CPU = Debug|Any CPU
		Release|Any CPU = Release|Any CPU
		Debug|iPhoneSimulator = Debug|iPhoneSimulator
		Release|iPhone = Release|iPhone
		Release|iPhoneSimulator = Release|iPhoneSimulator
		Debug|iPhone = Debug|iPhone
	EndGlobalSection
	GlobalSection(ProjectConfigurationPlatforms) = postSolution
		{A075B875-3941-4C3C-A9A6-A730AB07B81A}.Debug|Any CPU.ActiveCfg = Debug|Any CPU
		{A075B875-3941-4C3C-A9A6-A730AB07B81A}.Debug|Any CPU.Build.0 = Debug|Any CPU
		{A075B875-3941-4C3C-A9A6-A730AB07B81A}.Release|Any CPU.ActiveCfg = Release|Any CPU
		{A075B875-3941-4C3C-A9A6-A730AB07B81A}.Release|Any CPU.Build.0 = Release|Any CPU
		{A075B875-3941-4C3C-A9A6-A730AB07B81A}.Debug|iPhoneSimulator.ActiveCfg = Debug|Any CPU
		{A075B875-3941-4C3C-A9A6-A730AB07B81A}.Debug|iPhoneSimulator.Build.0 = Debug|Any CPU
		{A075B875-3941-4C3C-A9A6-A730AB07B81A}.Release|iPhone.ActiveCfg = Release|Any CPU
		{A075B875-3941-4C3C-A9A6-A730AB07B81A}.Release|iPhone.Build.0 = Release|Any CPU
		{A075B875-3941-4C3C-A9A6-A730AB07B81A}.Release|iPhoneSimulator.ActiveCfg = Release|Any CPU
		{A075B875-3941-4C3C-A9A6-A730AB07B81A}.Release|iPhoneSimulator.Build.0 = Release|Any CPU
		{A075B875-3941-4C3C-A9A6-A730AB07B81A}.Debug|iPhone.ActiveCfg = Debug|Any CPU
		{A075B875-3941-4C3C-A9A6-A730AB07B81A}.Debug|iPhone.Build.0 = Debug|Any CPU
		{83D0124B-3D03-49A0-8A00-7DD96B1EE949}.Debug|Any CPU.ActiveCfg = Debug|iPhoneSimulator
		{83D0124B-3D03-49A0-8A00-7DD96B1EE949}.Debug|Any CPU.Build.0 = Debug|iPhoneSimulator
		{83D0124B-3D03-49A0-8A00-7DD96B1EE949}.Release|Any CPU.ActiveCfg = Debug|iPhoneSimulator
		{83D0124B-3D03-49A0-8A00-7DD96B1EE949}.Release|Any CPU.Build.0 = Debug|iPhoneSimulator
		{83D0124B-3D03-49A0-8A00-7DD96B1EE949}.Debug|iPhoneSimulator.ActiveCfg = Debug|iPhoneSimulator
		{83D0124B-3D03-49A0-8A00-7DD96B1EE949}.Debug|iPhoneSimulator.Build.0 = Debug|iPhoneSimulator
		{83D0124B-3D03-49A0-8A00-7DD96B1EE949}.Release|iPhone.ActiveCfg = Release|iPhone
		{83D0124B-3D03-49A0-8A00-7DD96B1EE949}.Release|iPhone.Build.0 = Release|iPhone
		{83D0124B-3D03-49A0-8A00-7DD96B1EE949}.Release|iPhoneSimulator.ActiveCfg = Release|iPhoneSimulator
		{83D0124B-3D03-49A0-8A00-7DD96B1EE949}.Release|iPhoneSimulator.Build.0 = Release|iPhoneSimulator
		{83D0124B-3D03-49A0-8A00-7DD96B1EE949}.Debug|iPhone.ActiveCfg = Debug|iPhone
		{83D0124B-3D03-49A0-8A00-7DD96B1EE949}.Debug|iPhone.Build.0 = Debug|iPhone
		{1AB308B7-03F7-4256-8E9C-AA425971C55F}.Debug|Any CPU.ActiveCfg = Debug|Any CPU
		{1AB308B7-03F7-4256-8E9C-AA425971C55F}.Debug|Any CPU.Build.0 = Debug|Any CPU
		{1AB308B7-03F7-4256-8E9C-AA425971C55F}.Release|Any CPU.ActiveCfg = Release|Any CPU
		{1AB308B7-03F7-4256-8E9C-AA425971C55F}.Release|Any CPU.Build.0 = Release|Any CPU
		{1AB308B7-03F7-4256-8E9C-AA425971C55F}.Debug|iPhoneSimulator.ActiveCfg = Debug|Any CPU
		{1AB308B7-03F7-4256-8E9C-AA425971C55F}.Debug|iPhoneSimulator.Build.0 = Debug|Any CPU
		{1AB308B7-03F7-4256-8E9C-AA425971C55F}.Release|iPhone.ActiveCfg = Release|Any CPU
		{1AB308B7-03F7-4256-8E9C-AA425971C55F}.Release|iPhone.Build.0 = Release|Any CPU
		{1AB308B7-03F7-4256-8E9C-AA425971C55F}.Release|iPhoneSimulator.ActiveCfg = Release|Any CPU
		{1AB308B7-03F7-4256-8E9C-AA425971C55F}.Release|iPhoneSimulator.Build.0 = Release|Any CPU
		{1AB308B7-03F7-4256-8E9C-AA425971C55F}.Debug|iPhone.ActiveCfg = Debug|Any CPU
		{1AB308B7-03F7-4256-8E9C-AA425971C55F}.Debug|iPhone.Build.0 = Debug|Any CPU
	EndGlobalSection
EndGlobal
