
Microsoft Visual Studio Solution File, Format Version 12.00
# Visual Studio 2012
Project("{FAE04EC0-301F-11D3-BF4B-00C04F79EFBC}") = "Linq4", "Linq4.csproj", "{659C75E5-204A-4D63-8F4B-CFD3F74EDE50}"
EndProject
Global
	GlobalSection(SolutionConfigurationPlatforms) = preSolution
		Debug|x86 = Debug|x86
		Release|x86 = Release|x86
	EndGlobalSection
	GlobalSection(ProjectConfigurationPlatforms) = postSolution
		{659C75E5-204A-4D63-8F4B-CFD3F74EDE50}.Debug|x86.ActiveCfg = Debug|x86
		{659C75E5-204A-4D63-8F4B-CFD3F74EDE50}.Debug|x86.Build.0 = Debug|x86
		{659C75E5-204A-4D63-8F4B-CFD3F74EDE50}.Release|x86.ActiveCfg = Release|x86
		{659C75E5-204A-4D63-8F4B-CFD3F74EDE50}.Release|x86.Build.0 = Release|x86
	EndGlobalSection
EndGlobal
